
Microsoft Visual Studio Solution File, Format Version 12.00
# Visual Studio Version 16
VisualStudioVersion = 16.0.32510.428
MinimumVisualStudioVersion = 10.0.40219.1
Project("{FAE04EC0-301F-11D3-BF4B-00C04F79EFBC}") = "Clase300522", "Clase300522\Clase300522.csproj", "{D1D802D5-25F2-4C13-87A0-EDEA071FB311}"
EndProject
Global
	GlobalSection(SolutionConfigurationPlatforms) = preSolution
		Debug|Any CPU = Debug|Any CPU
		Release|Any CPU = Release|Any CPU
	EndGlobalSection
	GlobalSection(ProjectConfigurationPlatforms) = postSolution
		{D1D802D5-25F2-4C13-87A0-EDEA071FB311}.Debug|Any CPU.ActiveCfg = Debug|Any CPU
		{D1D802D5-25F2-4C13-87A0-EDEA071FB311}.Debug|Any CPU.Build.0 = Debug|Any CPU
		{D1D802D5-25F2-4C13-87A0-EDEA071FB311}.Release|Any CPU.ActiveCfg = Release|Any CPU
		{D1D802D5-25F2-4C13-87A0-EDEA071FB311}.Release|Any CPU.Build.0 = Release|Any CPU
	EndGlobalSection
	GlobalSection(SolutionProperties) = preSolution
		HideSolutionNode = FALSE
	EndGlobalSection
	GlobalSection(ExtensibilityGlobals) = postSolution
		SolutionGuid = {E9CFC2FB-6EFA-4F52-B945-EAE43E0F9C9B}
	EndGlobalSection
EndGlobal
